
Microsoft Visual Studio Solution File, Format Version 12.00
Project("{FAE04EC0-301F-11D3-BF4B-00C04F79EFBC}") = "DesktopApp", "DesktopApp\DesktopApp.csproj", "{151F0670-1A48-4BDD-B33F-1220BD426F29}"
EndProject
Project("{FAE04EC0-301F-11D3-BF4B-00C04F79EFBC}") = "FontToImage", "FontToImage\FontToImage.csproj", "{4F1B39A4-34A9-47FE-A745-9004CF9410F9}"
EndProject
Project("{FAE04EC0-301F-11D3-BF4B-00C04F79EFBC}") = "CVInterface", "CVInterface\CVInterface.csproj", "{49EBE479-1889-497E-9C99-C6EE6FCA7FD2}"
EndProject
Project("{FAE04EC0-301F-11D3-BF4B-00C04F79EFBC}") = "CVPotentialFeatures", "CVPotentialFeatures\CVPotentialFeatures.csproj", "{B8DDBF4A-0259-4FDB-BB3E-580CBCD9092D}"
EndProject
Global
	GlobalSection(SolutionConfigurationPlatforms) = preSolution
		Debug|Any CPU = Debug|Any CPU
		Release|Any CPU = Release|Any CPU
	EndGlobalSection
	GlobalSection(ProjectConfigurationPlatforms) = postSolution
		{151F0670-1A48-4BDD-B33F-1220BD426F29}.Debug|Any CPU.ActiveCfg = Debug|Any CPU
		{151F0670-1A48-4BDD-B33F-1220BD426F29}.Debug|Any CPU.Build.0 = Debug|Any CPU
		{151F0670-1A48-4BDD-B33F-1220BD426F29}.Release|Any CPU.ActiveCfg = Release|Any CPU
		{151F0670-1A48-4BDD-B33F-1220BD426F29}.Release|Any CPU.Build.0 = Release|Any CPU
		{4F1B39A4-34A9-47FE-A745-9004CF9410F9}.Debug|Any CPU.ActiveCfg = Debug|Any CPU
		{4F1B39A4-34A9-47FE-A745-9004CF9410F9}.Debug|Any CPU.Build.0 = Debug|Any CPU
		{4F1B39A4-34A9-47FE-A745-9004CF9410F9}.Release|Any CPU.ActiveCfg = Release|Any CPU
		{4F1B39A4-34A9-47FE-A745-9004CF9410F9}.Release|Any CPU.Build.0 = Release|Any CPU
		{49EBE479-1889-497E-9C99-C6EE6FCA7FD2}.Debug|Any CPU.ActiveCfg = Debug|Any CPU
		{49EBE479-1889-497E-9C99-C6EE6FCA7FD2}.Debug|Any CPU.Build.0 = Debug|Any CPU
		{49EBE479-1889-497E-9C99-C6EE6FCA7FD2}.Release|Any CPU.ActiveCfg = Release|Any CPU
		{49EBE479-1889-497E-9C99-C6EE6FCA7FD2}.Release|Any CPU.Build.0 = Release|Any CPU
		{B8DDBF4A-0259-4FDB-BB3E-580CBCD9092D}.Debug|Any CPU.ActiveCfg = Debug|Any CPU
		{B8DDBF4A-0259-4FDB-BB3E-580CBCD9092D}.Debug|Any CPU.Build.0 = Debug|Any CPU
		{B8DDBF4A-0259-4FDB-BB3E-580CBCD9092D}.Release|Any CPU.ActiveCfg = Release|Any CPU
		{B8DDBF4A-0259-4FDB-BB3E-580CBCD9092D}.Release|Any CPU.Build.0 = Release|Any CPU
	EndGlobalSection
EndGlobal
